// !$*UTF8*$!
{
	archiveVersion = 1;
	classes = {
	};
	objectVersion = 50;
	objects = {

/* Begin PBXBuildFile section */
		463F758A24EC9B1A008F6CC4 /* AppDelegate.swift in Sources */ = {isa = PBXBuildFile; fileRef = 463F758924EC9B1A008F6CC4 /* AppDelegate.swift */; };
		463F758C24EC9B1A008F6CC4 /* SceneDelegate.swift in Sources */ = {isa = PBXBuildFile; fileRef = 463F758B24EC9B1A008F6CC4 /* SceneDelegate.swift */; };
		463F758F24EC9B1A008F6CC4 /* HiitTimer.xcdatamodeld in Sources */ = {isa = PBXBuildFile; fileRef = 463F758D24EC9B1A008F6CC4 /* HiitTimer.xcdatamodeld */; };
		463F759124EC9B1A008F6CC4 /* ContentView.swift in Sources */ = {isa = PBXBuildFile; fileRef = 463F759024EC9B1A008F6CC4 /* ContentView.swift */; };
		463F759324EC9B1C008F6CC4 /* Assets.xcassets in Resources */ = {isa = PBXBuildFile; fileRef = 463F759224EC9B1C008F6CC4 /* Assets.xcassets */; };
		463F759624EC9B1C008F6CC4 /* Preview Assets.xcassets in Resources */ = {isa = PBXBuildFile; fileRef = 463F759524EC9B1C008F6CC4 /* Preview Assets.xcassets */; };
		463F759924EC9B1C008F6CC4 /* LaunchScreen.storyboard in Resources */ = {isa = PBXBuildFile; fileRef = 463F759724EC9B1C008F6CC4 /* LaunchScreen.storyboard */; };
		4650902124ED6B610083021D /* SettingView.swift in Sources */ = {isa = PBXBuildFile; fileRef = 4650902024ED6B610083021D /* SettingView.swift */; };
		4650902324ED6DAB0083021D /* TimerEntity+Extension.swift in Sources */ = {isa = PBXBuildFile; fileRef = 4650902224ED6DAB0083021D /* TimerEntity+Extension.swift */; };
		4650902624ED6F600083021D /* TimerView.swift in Sources */ = {isa = PBXBuildFile; fileRef = 4650902524ED6F600083021D /* TimerView.swift */; };
/* End PBXBuildFile section */

/* Begin PBXFileReference section */
		463F758624EC9B1A008F6CC4 /* HiitTimer.app */ = {isa = PBXFileReference; explicitFileType = wrapper.application; includeInIndex = 0; path = HiitTimer.app; sourceTree = BUILT_PRODUCTS_DIR; };
		463F758924EC9B1A008F6CC4 /* AppDelegate.swift */ = {isa = PBXFileReference; lastKnownFileType = sourcecode.swift; path = AppDelegate.swift; sourceTree = "<group>"; };
		463F758B24EC9B1A008F6CC4 /* SceneDelegate.swift */ = {isa = PBXFileReference; lastKnownFileType = sourcecode.swift; path = SceneDelegate.swift; sourceTree = "<group>"; };
		463F758E24EC9B1A008F6CC4 /* HiitTimer.xcdatamodel */ = {isa = PBXFileReference; lastKnownFileType = wrapper.xcdatamodel; path = HiitTimer.xcdatamodel; sourceTree = "<group>"; };
		463F759024EC9B1A008F6CC4 /* ContentView.swift */ = {isa = PBXFileReference; lastKnownFileType = sourcecode.swift; path = ContentView.swift; sourceTree = "<group>"; };
		463F759224EC9B1C008F6CC4 /* Assets.xcassets */ = {isa = PBXFileReference; lastKnownFileType = folder.assetcatalog; path = Assets.xcassets; sourceTree = "<group>"; };
		463F759524EC9B1C008F6CC4 /* Preview Assets.xcassets */ = {isa = PBXFileReference; lastKnownFileType = folder.assetcatalog; path = "Preview Assets.xcassets"; sourceTree = "<group>"; };
		463F759824EC9B1C008F6CC4 /* Base */ = {isa = PBXFileReference; lastKnownFileType = file.storyboard; name = Base; path = Base.lproj/LaunchScreen.storyboard; sourceTree = "<group>"; };
		463F759A24EC9B1C008F6CC4 /* Info.plist */ = {isa = PBXFileReference; lastKnownFileType = text.plist.xml; path = Info.plist; sourceTree = "<group>"; };
		4650902024ED6B610083021D /* SettingView.swift */ = {isa = PBXFileReference; lastKnownFileType = sourcecode.swift; path = SettingView.swift; sourceTree = "<group>"; };
		4650902224ED6DAB0083021D /* TimerEntity+Extension.swift */ = {isa = PBXFileReference; lastKnownFileType = sourcecode.swift; path = "TimerEntity+Extension.swift"; sourceTree = "<group>"; };
		4650902524ED6F600083021D /* TimerView.swift */ = {isa = PBXFileReference; lastKnownFileType = sourcecode.swift; path = TimerView.swift; sourceTree = "<group>"; };
/* End PBXFileReference section */

/* Begin PBXFrameworksBuildPhase section */
		463F758324EC9B1A008F6CC4 /* Frameworks */ = {
			isa = PBXFrameworksBuildPhase;
			buildActionMask = 2147483647;
			files = (
			);
			runOnlyForDeploymentPostprocessing = 0;
		};
/* End PBXFrameworksBuildPhase section */

/* Begin PBXGroup section */
		463F757D24EC9B1A008F6CC4 = {
			isa = PBXGroup;
			children = (
				4650902424ED6DC30083021D /* Extension */,
				463F758824EC9B1A008F6CC4 /* HiitTimer */,
				463F758724EC9B1A008F6CC4 /* Products */,
			);
			sourceTree = "<group>";
		};
		463F758724EC9B1A008F6CC4 /* Products */ = {
			isa = PBXGroup;
			children = (
				463F758624EC9B1A008F6CC4 /* HiitTimer.app */,
			);
			name = Products;
			sourceTree = "<group>";
		};
		463F758824EC9B1A008F6CC4 /* HiitTimer */ = {
			isa = PBXGroup;
			children = (
				463F758924EC9B1A008F6CC4 /* AppDelegate.swift */,
				463F758B24EC9B1A008F6CC4 /* SceneDelegate.swift */,
				463F759024EC9B1A008F6CC4 /* ContentView.swift */,
				4650902024ED6B610083021D /* SettingView.swift */,
				4650902524ED6F600083021D /* TimerView.swift */,
				463F759224EC9B1C008F6CC4 /* Assets.xcassets */,
				463F759724EC9B1C008F6CC4 /* LaunchScreen.storyboard */,
				463F759A24EC9B1C008F6CC4 /* Info.plist */,
				463F758D24EC9B1A008F6CC4 /* HiitTimer.xcdatamodeld */,
				463F759424EC9B1C008F6CC4 /* Preview Content */,
			);
			path = HiitTimer;
			sourceTree = "<group>";
		};
		463F759424EC9B1C008F6CC4 /* Preview Content */ = {
			isa = PBXGroup;
			children = (
				463F759524EC9B1C008F6CC4 /* Preview Assets.xcassets */,
			);
			path = "Preview Content";
			sourceTree = "<group>";
		};
		4650902424ED6DC30083021D /* Extension */ = {
			isa = PBXGroup;
			children = (
				4650902224ED6DAB0083021D /* TimerEntity+Extension.swift */,
			);
			path = Extension;
			sourceTree = "<group>";
		};
/* End PBXGroup section */

/* Begin PBXNativeTarget section */
		463F758524EC9B1A008F6CC4 /* HiitTimer */ = {
			isa = PBXNativeTarget;
			buildConfigurationList = 463F759D24EC9B1C008F6CC4 /* Build configuration list for PBXNativeTarget "HiitTimer" */;
			buildPhases = (
				463F758224EC9B1A008F6CC4 /* Sources */,
				463F758324EC9B1A008F6CC4 /* Frameworks */,
				463F758424EC9B1A008F6CC4 /* Resources */,
			);
			buildRules = (
			);
			dependencies = (
			);
			name = HiitTimer;
			productName = HiitTimer;
			productReference = 463F758624EC9B1A008F6CC4 /* HiitTimer.app */;
			productType = "com.apple.product-type.application";
		};
/* End PBXNativeTarget section */

/* Begin PBXProject section */
		463F757E24EC9B1A008F6CC4 /* Project object */ = {
			isa = PBXProject;
			attributes = {
				LastSwiftUpdateCheck = 1150;
				LastUpgradeCheck = 1150;
				ORGANIZATIONNAME = "がり";
				TargetAttributes = {
					463F758524EC9B1A008F6CC4 = {
						CreatedOnToolsVersion = 11.5;
					};
				};
			};
			buildConfigurationList = 463F758124EC9B1A008F6CC4 /* Build configuration list for PBXProject "HiitTimer" */;
			compatibilityVersion = "Xcode 9.3";
			developmentRegion = en;
			hasScannedForEncodings = 0;
			knownRegions = (
				en,
				Base,
			);
			mainGroup = 463F757D24EC9B1A008F6CC4;
			productRefGroup = 463F758724EC9B1A008F6CC4 /* Products */;
			projectDirPath = "";
			projectRoot = "";
			targets = (
				463F758524EC9B1A008F6CC4 /* HiitTimer */,
			);
		};
/* End PBXProject section */

/* Begin PBXResourcesBuildPhase section */
		463F758424EC9B1A008F6CC4 /* Resources */ = {
			isa = PBXResourcesBuildPhase;
			buildActionMask = 2147483647;
			files = (
				463F759924EC9B1C008F6CC4 /* LaunchScreen.storyboard in Resources */,
				463F759624EC9B1C008F6CC4 /* Preview Assets.xcassets in Resources */,
				463F759324EC9B1C008F6CC4 /* Assets.xcassets in Resources */,
			);
			runOnlyForDeploymentPostprocessing = 0;
		};
/* End PBXResourcesBuildPhase section */

/* Begin PBXSourcesBuildPhase section */
		463F758224EC9B1A008F6CC4 /* Sources */ = {
			isa = PBXSourcesBuildPhase;
			buildActionMask = 2147483647;
			files = (
				4650902624ED6F600083021D /* TimerView.swift in Sources */,
				4650902324ED6DAB0083021D /* TimerEntity+Extension.swift in Sources */,
				463F758A24EC9B1A008F6CC4 /* AppDelegate.swift in Sources */,
				4650902124ED6B610083021D /* SettingView.swift in Sources */,
				463F758C24EC9B1A008F6CC4 /* SceneDelegate.swift in Sources */,
				463F759124EC9B1A008F6CC4 /* ContentView.swift in Sources */,
				463F758F24EC9B1A008F6CC4 /* HiitTimer.xcdatamodeld in Sources */,
			);
			runOnlyForDeploymentPostprocessing = 0;
		};
/* End PBXSourcesBuildPhase section */

/* Begin PBXVariantGroup section */
		463F759724EC9B1C008F6CC4 /* LaunchScreen.storyboard */ = {
			isa = PBXVariantGroup;
			children = (
				463F759824EC9B1C008F6CC4 /* Base */,
			);
			name = LaunchScreen.storyboard;
			sourceTree = "<group>";
		};
/* End PBXVariantGroup section */

/* Begin XCBuildConfiguration section */
		463F759B24EC9B1C008F6CC4 /* Debug */ = {
			isa = XCBuildConfiguration;
			buildSettings = {
				ALWAYS_SEARCH_USER_PATHS = NO;
				CLANG_ANALYZER_NONNULL = YES;
				CLANG_ANALYZER_NUMBER_OBJECT_CONVERSION = YES_AGGRESSIVE;
				CLANG_CXX_LANGUAGE_STANDARD = "gnu++14";
				CLANG_CXX_LIBRARY = "libc++";
				CLANG_ENABLE_MODULES = YES;
				CLANG_ENABLE_OBJC_ARC = YES;
				CLANG_ENABLE_OBJC_WEAK = YES;
				CLANG_WARN_BLOCK_CAPTURE_AUTORELEASING = YES;
				CLANG_WARN_BOOL_CONVERSION = YES;
				CLANG_WARN_COMMA = YES;
				CLANG_WARN_CONSTANT_CONVERSION = YES;
				CLANG_WARN_DEPRECATED_OBJC_IMPLEMENTATIONS = YES;
				CLANG_WARN_DIRECT_OBJC_ISA_USAGE = YES_ERROR;
				CLANG_WARN_DOCUMENTATION_COMMENTS = YES;
				CLANG_WARN_EMPTY_BODY = YES;
				CLANG_WARN_ENUM_CONVERSION = YES;
				CLANG_WARN_INFINITE_RECURSION = YES;
				CLANG_WARN_INT_CONVERSION = YES;
				CLANG_WARN_NON_LITERAL_NULL_CONVERSION = YES;
				CLANG_WARN_OBJC_IMPLICIT_RETAIN_SELF = YES;
				CLANG_WARN_OBJC_LITERAL_CONVERSION = YES;
				CLANG_WARN_OBJC_ROOT_CLASS = YES_ERROR;
				CLANG_WARN_RANGE_LOOP_ANALYSIS = YES;
				CLANG_WARN_STRICT_PROTOTYPES = YES;
				CLANG_WARN_SUSPICIOUS_MOVE = YES;
				CLANG_WARN_UNGUARDED_AVAILABILITY = YES_AGGRESSIVE;
				CLANG_WARN_UNREACHABLE_CODE = YES;
				CLANG_WARN__DUPLICATE_METHOD_MATCH = YES;
				COPY_PHASE_STRIP = NO;
				DEBUG_INFORMATION_FORMAT = dwarf;
				ENABLE_STRICT_OBJC_MSGSEND = YES;
				ENABLE_TESTABILITY = YES;
				GCC_C_LANGUAGE_STANDARD = gnu11;
				GCC_DYNAMIC_NO_PIC = NO;
				GCC_NO_COMMON_BLOCKS = YES;
				GCC_OPTIMIZATION_LEVEL = 0;
				GCC_PREPROCESSOR_DEFINITIONS = (
					"DEBUG=1",
					"$(inherited)",
				);
				GCC_WARN_64_TO_32_BIT_CONVERSION = YES;
				GCC_WARN_ABOUT_RETURN_TYPE = YES_ERROR;
				GCC_WARN_UNDECLARED_SELECTOR = YES;
				GCC_WARN_UNINITIALIZED_AUTOS = YES_AGGRESSIVE;
				GCC_WARN_UNUSED_FUNCTION = YES;
				GCC_WARN_UNUSED_VARIABLE = YES;
				IPHONEOS_DEPLOYMENT_TARGET = 13.5;
				MTL_ENABLE_DEBUG_INFO = INCLUDE_SOURCE;
				MTL_FAST_MATH = YES;
				ONLY_ACTIVE_ARCH = YES;
				SDKROOT = iphoneos;
				SWIFT_ACTIVE_COMPILATION_CONDITIONS = DEBUG;
				SWIFT_OPTIMIZATION_LEVEL = "-Onone";
			};
			name = Debug;
		};
		463F759C24EC9B1C008F6CC4 /* Release */ = {
			isa = XCBuildConfiguration;
			buildSettings = {
				ALWAYS_SEARCH_USER_PATHS = NO;
				CLANG_ANALYZER_NONNULL = YES;
				CLANG_ANALYZER_NUMBER_OBJECT_CONVERSION = YES_AGGRESSIVE;
				CLANG_CXX_LANGUAGE_STANDARD = "gnu++14";
				CLANG_CXX_LIBRARY = "libc++";
				CLANG_ENABLE_MODULES = YES;
				CLANG_ENABLE_OBJC_ARC = YES;
				CLANG_ENABLE_OBJC_WEAK = YES;
				CLANG_WARN_BLOCK_CAPTURE_AUTORELEASING = YES;
				CLANG_WARN_BOOL_CONVERSION = YES;
				CLANG_WARN_COMMA = YES;
				CLANG_WARN_CONSTANT_CONVERSION = YES;
				CLANG_WARN_DEPRECATED_OBJC_IMPLEMENTATIONS = YES;
				CLANG_WARN_DIRECT_OBJC_ISA_USAGE = YES_ERROR;
				CLANG_WARN_DOCUMENTATION_COMMENTS = YES;
				CLANG_WARN_EMPTY_BODY = YES;
				CLANG_WARN_ENUM_CONVERSION = YES;
				CLANG_WARN_INFINITE_RECURSION = YES;
				CLANG_WARN_INT_CONVERSION = YES;
				CLANG_WARN_NON_LITERAL_NULL_CONVERSION = YES;
				CLANG_WARN_OBJC_IMPLICIT_RETAIN_SELF = YES;
				CLANG_WARN_OBJC_LITERAL_CONVERSION = YES;
				CLANG_WARN_OBJC_ROOT_CLASS = YES_ERROR;
				CLANG_WARN_RANGE_LOOP_ANALYSIS = YES;
				CLANG_WARN_STRICT_PROTOTYPES = YES;
				CLANG_WARN_SUSPICIOUS_MOVE = YES;
				CLANG_WARN_UNGUARDED_AVAILABILITY = YES_AGGRESSIVE;
				CLANG_WARN_UNREACHABLE_CODE = YES;
				CLANG_WARN__DUPLICATE_METHOD_MATCH = YES;
				COPY_PHASE_STRIP = NO;
				DEBUG_INFORMATION_FORMAT = "dwarf-with-dsym";
				ENABLE_NS_ASSERTIONS = NO;
				ENABLE_STRICT_OBJC_MSGSEND = YES;
				GCC_C_LANGUAGE_STANDARD = gnu11;
				GCC_NO_COMMON_BLOCKS = YES;
				GCC_WARN_64_TO_32_BIT_CONVERSION = YES;
				GCC_WARN_ABOUT_RETURN_TYPE = YES_ERROR;
				GCC_WARN_UNDECLARED_SELECTOR = YES;
				GCC_WARN_UNINITIALIZED_AUTOS = YES_AGGRESSIVE;
				GCC_WARN_UNUSED_FUNCTION = YES;
				GCC_WARN_UNUSED_VARIABLE = YES;
				IPHONEOS_DEPLOYMENT_TARGET = 13.5;
				MTL_ENABLE_DEBUG_INFO = NO;
				MTL_FAST_MATH = YES;
				SDKROOT = iphoneos;
				SWIFT_COMPILATION_MODE = wholemodule;
				SWIFT_OPTIMIZATION_LEVEL = "-O";
				VALIDATE_PRODUCT = YES;
			};
			name = Release;
		};
		463F759E24EC9B1C008F6CC4 /* Debug */ = {
			isa = XCBuildConfiguration;
			buildSettings = {
				ASSETCATALOG_COMPILER_APPICON_NAME = AppIcon;
				CODE_SIGN_STYLE = Automatic;
				DEVELOPMENT_ASSET_PATHS = "\"HiitTimer/Preview Content\"";
				DEVELOPMENT_TEAM = GL9XY9L377;
				ENABLE_PREVIEWS = YES;
				INFOPLIST_FILE = HiitTimer/Info.plist;
				LD_RUNPATH_SEARCH_PATHS = (
					"$(inherited)",
					"@executable_path/Frameworks",
				);
				PRODUCT_BUNDLE_IDENTIFIER = com.HelloWorld.HiitTimer;
				PRODUCT_NAME = "$(TARGET_NAME)";
				SWIFT_VERSION = 5.0;
				TARGETED_DEVICE_FAMILY = "1,2";
			};
			name = Debug;
		};
		463F759F24EC9B1C008F6CC4 /* Release */ = {
			isa = XCBuildConfiguration;
			buildSettings = {
				ASSETCATALOG_COMPILER_APPICON_NAME = AppIcon;
				CODE_SIGN_STYLE = Automatic;
				DEVELOPMENT_ASSET_PATHS = "\"HiitTimer/Preview Content\"";
				DEVELOPMENT_TEAM = GL9XY9L377;
				ENABLE_PREVIEWS = YES;
				INFOPLIST_FILE = HiitTimer/Info.plist;
				LD_RUNPATH_SEARCH_PATHS = (
					"$(inherited)",
					"@executable_path/Frameworks",
				);
				PRODUCT_BUNDLE_IDENTIFIER = com.HelloWorld.HiitTimer;
				PRODUCT_NAME = "$(TARGET_NAME)";
				SWIFT_VERSION = 5.0;
				TARGETED_DEVICE_FAMILY = "1,2";
			};
			name = Release;
		};
/* End XCBuildConfiguration section */

/* Begin XCConfigurationList section */
		463F758124EC9B1A008F6CC4 /* Build configuration list for PBXProject "HiitTimer" */ = {
			isa = XCConfigurationList;
			buildConfigurations = (
				463F759B24EC9B1C008F6CC4 /* Debug */,
				463F759C24EC9B1C008F6CC4 /* Release */,
			);
			defaultConfigurationIsVisible = 0;
			defaultConfigurationName = Release;
		};
		463F759D24EC9B1C008F6CC4 /* Build configuration list for PBXNativeTarget "HiitTimer" */ = {
			isa = XCConfigurationList;
			buildConfigurations = (
				463F759E24EC9B1C008F6CC4 /* Debug */,
				463F759F24EC9B1C008F6CC4 /* Release */,
			);
			defaultConfigurationIsVisible = 0;
			defaultConfigurationName = Release;
		};
/* End XCConfigurationList section */

/* Begin XCVersionGroup section */
		463F758D24EC9B1A008F6CC4 /* HiitTimer.xcdatamodeld */ = {
			isa = XCVersionGroup;
			children = (
				463F758E24EC9B1A008F6CC4 /* HiitTimer.xcdatamodel */,
			);
			currentVersion = 463F758E24EC9B1A008F6CC4 /* HiitTimer.xcdatamodel */;
			path = HiitTimer.xcdatamodeld;
			sourceTree = "<group>";
			versionGroupType = wrapper.xcdatamodel;
		};
/* End XCVersionGroup section */
	};
	rootObject = 463F757E24EC9B1A008F6CC4 /* Project object */;
}
